{
  "name": "20 - Graduation Project",
  "lockfileVersion": 3,
  "requires": true,
  "packages": {
    "": {
      "dependencies": {
        "@angular/animations": "^18.2.6",
        "ngx-toastr": "^19.0.0"
      }
    },
    "node_modules/@angular/animations": {
      "version": "18.2.6",
      "resolved": "https://registry.npmjs.org/@angular/animations/-/animations-18.2.6.tgz",
      "integrity": "sha512-vy9wy+Q9beiRxkEO8wNxFQ63AqAujGvk8AUHepxxIT7QNNc512TNKz8uH+feWDPO38Dm2obwYQHMGzs3WO7pUA==",
      "license": "MIT",
      "dependencies": {
        "tslib": "^2.3.0"
      },
      "engines": {
        "node": "^18.19.1 || ^20.11.1 || >=22.0.0"
      },
      "peerDependencies": {
        "@angular/core": "18.2.6"
      }
    },
    "node_modules/@angular/common": {
      "version": "18.2.6",
      "resolved": "https://registry.npmjs.org/@angular/common/-/common-18.2.6.tgz",
      "integrity": "sha512-89793ow+wrI1c7C6kyMbnweLNIZHzXthosxAEjipRZGBrqBYjvTtkE45Fl+5yBa3JO7bAhyGkUnEoyvWtZIAEA==",
      "license": "MIT",
      "peer": true,
      "dependencies": {
        "tslib": "^2.3.0"
      },
      "engines": {
        "node": "^18.19.1 || ^20.11.1 || >=22.0.0"
      },
      "peerDependencies": {
        "@angular/core": "18.2.6",
        "rxjs": "^6.5.3 || ^7.4.0"
      }
    },
    "node_modules/@angular/core": {
      "version": "18.2.6",
      "resolved": "https://registry.npmjs.org/@angular/core/-/core-18.2.6.tgz",
      "integrity": "sha512-PjFad2j4YBwLVTw+0Te8CJCa/tV0W8caTHG8aOjj3ObdL6ihGI+FKnwerLc9RVzDFd14BOO4C6/+LbOQAh3Ltw==",
      "license": "MIT",
      "peer": true,
      "dependencies": {
        "tslib": "^2.3.0"
      },
      "engines": {
        "node": "^18.19.1 || ^20.11.1 || >=22.0.0"
      },
      "peerDependencies": {
        "rxjs": "^6.5.3 || ^7.4.0",
        "zone.js": "~0.14.10"
      }
    },
    "node_modules/@angular/platform-browser": {
      "version": "18.2.6",
      "resolved": "https://registry.npmjs.org/@angular/platform-browser/-/platform-browser-18.2.6.tgz",
      "integrity": "sha512-RA8UMiYNLga+QMwpKcDw1357gYPfPyY/rmLeezMak//BbsENFYQOJ4Z6DBOBNiPlHxmBsUJMGaKdlpQhfCROyQ==",
      "license": "MIT",
      "peer": true,
      "dependencies": {
        "tslib": "^2.3.0"
      },
      "engines": {
        "node": "^18.19.1 || ^20.11.1 || >=22.0.0"
      },
      "peerDependencies": {
        "@angular/animations": "18.2.6",
        "@angular/common": "18.2.6",
        "@angular/core": "18.2.6"
      },
      "peerDependenciesMeta": {
        "@angular/animations": {
          "optional": true
        }
      }
    },
    "node_modules/ngx-toastr": {
      "version": "19.0.0",
      "resolved": "https://registry.npmjs.org/ngx-toastr/-/ngx-toastr-19.0.0.tgz",
      "integrity": "sha512-6pTnktwwWD+kx342wuMOWB4+bkyX9221pAgGz3SHOJH0/MI9erLucS8PeeJDFwbUYyh75nQ6AzVtolgHxi52dQ==",
      "license": "MIT",
      "dependencies": {
        "tslib": "^2.3.0"
      },
      "peerDependencies": {
        "@angular/common": ">=16.0.0-0",
        "@angular/core": ">=16.0.0-0",
        "@angular/platform-browser": ">=16.0.0-0"
      }
    },
    "node_modules/rxjs": {
      "version": "7.8.1",
      "resolved": "https://registry.npmjs.org/rxjs/-/rxjs-7.8.1.tgz",
      "integrity": "sha512-AA3TVj+0A2iuIoQkWEK/tqFjBq2j+6PO6Y0zJcvzLAFhEFIO3HL0vls9hWLncZbAAbK0mar7oZ4V079I/qPMxg==",
      "license": "Apache-2.0",
      "peer": true,
      "dependencies": {
        "tslib": "^2.1.0"
      }
    },
    "node_modules/tslib": {
      "version": "2.7.0",
      "resolved": "https://registry.npmjs.org/tslib/-/tslib-2.7.0.tgz",
      "integrity": "sha512-gLXCKdN1/j47AiHiOkJN69hJmcbGTHI0ImLmbYLHykhgeN0jVGola9yVjFgzCUklsZQMW55o+dW7IXv3RCXDzA==",
      "license": "0BSD"
    },
    "node_modules/zone.js": {
      "version": "0.14.10",
      "resolved": "https://registry.npmjs.org/zone.js/-/zone.js-0.14.10.tgz",
      "integrity": "sha512-YGAhaO7J5ywOXW6InXNlLmfU194F8lVgu7bRntUF3TiG8Y3nBK0x1UJJuHUP/e8IyihkjCYqhCScpSwnlaSRkQ==",
      "license": "MIT",
      "peer": true
    }
  }
}
